
Microsoft Visual Studio Solution File, Format Version 12.00
# Visual Studio Version 17
VisualStudioVersion = 17.4.33213.308
MinimumVisualStudioVersion = 10.0.40219.1
Project("{FAE04EC0-301F-11D3-BF4B-00C04F79EFBC}") = "Array080223", "Array080223.csproj", "{675379B3-AF55-4E3E-BA51-8911D2EB0F3D}"
EndProject
Global
	GlobalSection(SolutionConfigurationPlatforms) = preSolution
		Debug|Any CPU = Debug|Any CPU
		Release|Any CPU = Release|Any CPU
	EndGlobalSection
	GlobalSection(ProjectConfigurationPlatforms) = postSolution
		{675379B3-AF55-4E3E-BA51-8911D2EB0F3D}.Debug|Any CPU.ActiveCfg = Debug|Any CPU
		{675379B3-AF55-4E3E-BA51-8911D2EB0F3D}.Debug|Any CPU.Build.0 = Debug|Any CPU
		{675379B3-AF55-4E3E-BA51-8911D2EB0F3D}.Release|Any CPU.ActiveCfg = Release|Any CPU
		{675379B3-AF55-4E3E-BA51-8911D2EB0F3D}.Release|Any CPU.Build.0 = Release|Any CPU
	EndGlobalSection
	GlobalSection(SolutionProperties) = preSolution
		HideSolutionNode = FALSE
	EndGlobalSection
	GlobalSection(ExtensibilityGlobals) = postSolution
		SolutionGuid = {92FC6757-9E7A-4A9A-9711-CFECD0D8A130}
	EndGlobalSection
EndGlobal
