
Microsoft Visual Studio Solution File, Format Version 12.00
# Visual Studio Version 17
VisualStudioVersion = 17.4.33213.308
MinimumVisualStudioVersion = 10.0.40219.1
Project("{FAE04EC0-301F-11D3-BF4B-00C04F79EFBC}") = "CicloFor_Funzione", "CicloFor_Funzione.csproj", "{87B61E9D-2B61-4FBB-8813-A92BC8497A98}"
EndProject
Global
	GlobalSection(SolutionConfigurationPlatforms) = preSolution
		Debug|Any CPU = Debug|Any CPU
		Release|Any CPU = Release|Any CPU
	EndGlobalSection
	GlobalSection(ProjectConfigurationPlatforms) = postSolution
		{87B61E9D-2B61-4FBB-8813-A92BC8497A98}.Debug|Any CPU.ActiveCfg = Debug|Any CPU
		{87B61E9D-2B61-4FBB-8813-A92BC8497A98}.Debug|Any CPU.Build.0 = Debug|Any CPU
		{87B61E9D-2B61-4FBB-8813-A92BC8497A98}.Release|Any CPU.ActiveCfg = Release|Any CPU
		{87B61E9D-2B61-4FBB-8813-A92BC8497A98}.Release|Any CPU.Build.0 = Release|Any CPU
	EndGlobalSection
	GlobalSection(SolutionProperties) = preSolution
		HideSolutionNode = FALSE
	EndGlobalSection
	GlobalSection(ExtensibilityGlobals) = postSolution
		SolutionGuid = {BADECB8C-95EF-4619-9461-4E01A3A292B3}
	EndGlobalSection
EndGlobal
