
Microsoft Visual Studio Solution File, Format Version 12.00
# Visual Studio Version 17
VisualStudioVersion = 17.4.33213.308
MinimumVisualStudioVersion = 10.0.40219.1
Project("{FAE04EC0-301F-11D3-BF4B-00C04F79EFBC}") = "Ripasso010223", "Ripasso010223.csproj", "{67A2FC65-A88F-457C-BD20-1F87B4B1791A}"
EndProject
Global
	GlobalSection(SolutionConfigurationPlatforms) = preSolution
		Debug|Any CPU = Debug|Any CPU
		Release|Any CPU = Release|Any CPU
	EndGlobalSection
	GlobalSection(ProjectConfigurationPlatforms) = postSolution
		{67A2FC65-A88F-457C-BD20-1F87B4B1791A}.Debug|Any CPU.ActiveCfg = Debug|Any CPU
		{67A2FC65-A88F-457C-BD20-1F87B4B1791A}.Debug|Any CPU.Build.0 = Debug|Any CPU
		{67A2FC65-A88F-457C-BD20-1F87B4B1791A}.Release|Any CPU.ActiveCfg = Release|Any CPU
		{67A2FC65-A88F-457C-BD20-1F87B4B1791A}.Release|Any CPU.Build.0 = Release|Any CPU
	EndGlobalSection
	GlobalSection(SolutionProperties) = preSolution
		HideSolutionNode = FALSE
	EndGlobalSection
	GlobalSection(ExtensibilityGlobals) = postSolution
		SolutionGuid = {3FA9ACB7-E476-4E20-986C-A4C0116894F8}
	EndGlobalSection
EndGlobal
